{
  "originHash" : "9d02fe01018209ebb98b3b022457c56b1acb548c0f660cabc33a5aa2d85765de",
  "pins" : [
    {
      "identity" : "adjust_signature_sdk",
      "kind" : "remoteSourceControl",
      "location" : "https://github.com/adjust/adjust_signature_sdk.git",
      "state" : {
        "revision" : "b11c73304c2410bd410cc9369b812a83cc117002",
        "version" : "3.61.0"
      }
    },
    {
      "identity" : "agorainfra_ios",
      "kind" : "remoteSourceControl",
      "location" : "https://github.com/AgoraIO/AgoraInfra_iOS.git",
      "state" : {
        "revision" : "0071cecee99160f056c943ee6bfca06685ffa3d7",
        "version" : "1.3.0"
      }
    },
    {
      "identity" : "agorartcengine_ios",
      "kind" : "remoteSourceControl",
      "location" : "https://github.com/AgoraIO/AgoraRtcEngine_iOS.git",
      "state" : {
        "revision" : "c1224ad3e316db15a4ac48a6ff08208f7bcf5238",
        "version" : "4.6.0"
      }
    },
    {
      "identity" : "alamofire",
      "kind" : "remoteSourceControl",
      "location" : "https://github.com/Alamofire/Alamofire.git",
      "state" : {
        "revision" : "513364f870f6bfc468f9d2ff0a95caccc10044c5",
        "version" : "5.10.2"
      }
    },
    {
      "identity" : "anchorstar",
      "kind" : "remoteSourceControl",
      "location" : "https://github.com/LKstoreReady/AnchorStar",
      "state" : {
        "revision" : "ccac4a27d2651c077e26f605dadc784b617e9fa3",
        "version" : "1.0.19"
      }
    },
    {
      "identity" : "aws-sdk-ios-spm",
      "kind" : "remoteSourceControl",
      "location" : "https://github.com/aws-amplify/aws-sdk-ios-spm.git",
      "state" : {
        "revision" : "f2e9fbed08dd14a962f8d62d7e302d73b9ecb429",
        "version" : "2.41.0"
      }
    },
    {
      "identity" : "ckstar",
      "kind" : "remoteSourceControl",
      "location" : "https://github.com/LKstoreReady/CKStar",
      "state" : {
        "revision" : "4500cc81d1b774de7a70224e31bb33b09f63dc8a",
        "version" : "1.0.18"
      }
    },
    {
      "identity" : "cryptoswift",
      "kind" : "remoteSourceControl",
      "location" : "https://github.com/krzyzanowskim/CryptoSwift.git",
      "state" : {
        "revision" : "e45a26384239e028ec87fbcc788f513b67e10d8f",
        "version" : "1.9.0"
      }
    },
    {
      "identity" : "facebook-ios-sdk",
      "kind" : "remoteSourceControl",
      "location" : "https://github.com/facebook/facebook-ios-sdk",
      "state" : {
        "revision" : "c19607d535864533523d1f437c84035e5fb101cf",
        "version" : "14.1.0"
      }
    },
    {
      "identity" : "gfcard",
      "kind" : "remoteSourceControl",
      "location" : "https://github.com/LKstoreReady/GFCard",
      "state" : {
        "revision" : "0ba671471e7b6260353204436582258383b1cd05",
        "version" : "1.0.10"
      }
    },
    {
      "identity" : "google-ads-on-device-conversion-ios-sdk",
      "kind" : "remoteSourceControl",
      "location" : "https://github.com/googleads/google-ads-on-device-conversion-ios-sdk.git",
      "state" : {
        "revision" : "35b601a60fbbea2de3ea461f604deaaa4d8bbd0c",
        "version" : "3.2.0"
      }
    },
    {
      "identity" : "googleutilities",
      "kind" : "remoteSourceControl",
      "location" : "https://github.com/google/GoogleUtilities.git",
      "state" : {
        "revision" : "60da361632d0de02786f709bdc0c4df340f7613e",
        "version" : "8.1.0"
      }
    },
    {
      "identity" : "imroom",
      "kind" : "remoteSourceControl",
      "location" : "https://github.com/LKstoreReady/IMRoom",
      "state" : {
        "revision" : "81573681108455607895a9ff2b40a9ee854dfc18",
        "version" : "2.0.7"
      }
    },
    {
      "identity" : "ios_sdk",
      "kind" : "remoteSourceControl",
      "location" : "https://github.com/adjust/ios_sdk",
      "state" : {
        "revision" : "fbe95360df63c3c0f9a98c5f2efb39b46bd2f08d",
        "version" : "5.4.6"
      }
    },
    {
      "identity" : "lkchar",
      "kind" : "remoteSourceControl",
      "location" : "https://github.com/LKstoreReady/LKChar",
      "state" : {
        "revision" : "4f27f134eae7a03c91636a832d4217ef146a9ac3",
        "version" : "1.0.14"
      }
    },
    {
      "identity" : "mjrefresh",
      "kind" : "remoteSourceControl",
      "location" : "https://github.com/CoderMJLee/MJRefresh",
      "state" : {
        "revision" : "535d39c86e592d73f8b8e75f9bf1eda62ca4a4ce",
        "version" : "3.7.9"
      }
    },
    {
      "identity" : "nanopb",
      "kind" : "remoteSourceControl",
      "location" : "https://github.com/firebase/nanopb.git",
      "state" : {
        "revision" : "b7e1104502eca3a213b46303391ca4d3bc8ddec1",
        "version" : "2.30910.0"
      }
    },
    {
      "identity" : "nkworking",
      "kind" : "remoteSourceControl",
      "location" : "https://github.com/LKstoreReady/NKWorking",
      "state" : {
        "revision" : "051cbbaebcca87e5a0d65df40a01ae1a4dc9400a",
        "version" : "1.0.2"
      }
    },
    {
      "identity" : "pinkloop",
      "kind" : "remoteSourceControl",
      "location" : "https://github.com/LKstoreReady/PinkLoop",
      "state" : {
        "revision" : "da5e96c98bede14cd56763a316fc2257296ba7a7",
        "version" : "1.0.4"
      }
    },
    {
      "identity" : "rongcloudim-ios",
      "kind" : "remoteSourceControl",
      "location" : "https://github.com/rongcloud/RongCloudIM-iOS",
      "state" : {
        "revision" : "199f6b318c5c5c8a372a55f351cab0da9beb6c75",
        "version" : "5.24.2"
      }
    },
    {
      "identity" : "sdwebimage",
      "kind" : "remoteSourceControl",
      "location" : "https://github.com/SDWebImage/SDWebImage.git",
      "state" : {
        "revision" : "2053b120767c42a70bcba21095f34e4cfb54a75d",
        "version" : "5.21.3"
      }
    },
    {
      "identity" : "snapkit",
      "kind" : "remoteSourceControl",
      "location" : "https://github.com/SnapKit/SnapKit.git",
      "state" : {
        "revision" : "2842e6e84e82eb9a8dac0100ca90d9444b0307f4",
        "version" : "5.7.1"
      }
    },
    {
      "identity" : "ttlbgenerals",
      "kind" : "remoteSourceControl",
      "location" : "https://github.com/LKstoreReady/TTLBGenerals",
      "state" : {
        "revision" : "fd6b3d6b1fb5248749594d179c9f0d00954c9c0f",
        "version" : "1.0.7"
      }
    }
  ],
  "version" : 3
}
